{
  "requires": true,
  "lockfileVersion": 1,
  "dependencies": {
    "@types/offscreencanvas": {
      "version": "2019.6.4",
      "resolved": "https://registry.npmjs.org/@types/offscreencanvas/-/offscreencanvas-2019.6.4.tgz",
      "integrity": "sha512-u8SAgdZ8ROtkTF+mfZGOscl0or6BSj9A4g37e6nvxDc+YB/oDut0wHkK2PBBiC2bNR8TS0CPV+1gAk4fNisr1Q==",
      "dev": true
    }
  }
}
