{
  "name": "matterjs-pixi-worker",
  "version": "0.0.0",
  "lockfileVersion": 1,
  "requires": true,
  "dependencies": {
    "@dimforge/rapier2d": {
      "version": "0.7.6",
      "resolved": "https://registry.npmjs.org/@dimforge/rapier2d/-/rapier2d-0.7.6.tgz",
      "integrity": "sha512-0tEIApb01XTXa/G476/3sjpNQ7/KdkO2wpQyC6CWXm5fna9KeNEWQp4/eEJYUdt+tDwhTE2WY66Ah6eQmWXS8Q=="
    },
    "@dimforge/rapier2d-compat": {
      "version": "0.7.6",
      "resolved": "https://registry.npmjs.org/@dimforge/rapier2d-compat/-/rapier2d-compat-0.7.6.tgz",
      "integrity": "sha512-WmKfOSaNM2VCyAAMa6+ow6/HTzD8QSnddwxYFI7W/CQp4I3a5iXOKXLXyUya+AJCTkPfb8Y0LuTfZBBbqqEy7w=="
    },
    "@pixi/accessibility": {
      "version": "6.1.3",
      "resolved": "https://registry.npmjs.org/@pixi/accessibility/-/accessibility-6.1.3.tgz",
      "integrity": "sha512-JK6rtqfC2/rnJt1xLPznH2lNH0Jx9f2Py7uh50VM1sqoYrkyAAegenbOdyEzgB35Q4oQji3aBkTsWn2mrwXp/g=="
    },
    "@pixi/app": {
      "version": "6.1.3",
      "resolved": "https://registry.npmjs.org/@pixi/app/-/app-6.1.3.tgz",
      "integrity": "sha512-gryDVXuzErRIgY5G2CRQH6fZM7Pk3m1CFEInXEKa4rmVzfwRz+3OeU0YNSnD9atPAS5C2TaAzE4yOSHH2+wESQ=="
    },
    "@pixi/compressed-textures": {
      "version": "6.1.3",
      "resolved": "https://registry.npmjs.org/@pixi/compressed-textures/-/compressed-textures-6.1.3.tgz",
      "integrity": "sha512-FO2B7GhDMlZA0fnpH2PvNOh6ZlRxQoJnNlpjzNw+x1nvF9h3+V6dbFoG9oBC5zAisTfacdfoo1TdT789Oh+kTg=="
    },
    "@pixi/constants": {
      "version": "6.1.3",
      "resolved": "https://registry.npmjs.org/@pixi/constants/-/constants-6.1.3.tgz",
      "integrity": "sha512-Qvz/SIxw+dQ6P9niOEdILWX2DQ5FnGA0XZNFLW/3amekzad/+WqHobL+Mg5S6A4/a9mXTnqjyB0BqhhtLfpFkA=="
    },
    "@pixi/core": {
      "version": "6.1.3",
      "resolved": "https://registry.npmjs.org/@pixi/core/-/core-6.1.3.tgz",
      "integrity": "sha512-UQsR1Q7c+Zcvtu6HrYMidvoyF/j9n3b4WXPh3ojuNV6+ZIvps3rznoZYaIx6foEJNhj7HM9fMObsimGP+FB36A=="
    },
    "@pixi/display": {
      "version": "6.1.3",
      "resolved": "https://registry.npmjs.org/@pixi/display/-/display-6.1.3.tgz",
      "integrity": "sha512-8/GdapJVKfl6PUkxX/Et5zB1aXny+uy353cQX886KJ6dGle82fQAYjIn7I6Xm+JiZWOhWo0N6KE9cjotO0rroA=="
    },
    "@pixi/extract": {
      "version": "6.1.3",
      "resolved": "https://registry.npmjs.org/@pixi/extract/-/extract-6.1.3.tgz",
      "integrity": "sha512-yZOsXc9Lh+U59ayl+DoWDPmndrOJj5ft2nzENMAvz2rVEOHQjWxH73qCSP6Wa5VsoINyJLMmV4MTbI+U0SH7GA=="
    },
    "@pixi/filter-alpha": {
      "version": "6.1.3",
      "resolved": "https://registry.npmjs.org/@pixi/filter-alpha/-/filter-alpha-6.1.3.tgz",
      "integrity": "sha512-eubgEO/qlxQbuPXgwxTZxTBTWjA0EQbrs7TyPqyBK2Wj0eEvimaVQ8u4eiqfMFJCZLnuWDCAPJpP9bMHxBXXpQ=="
    },
    "@pixi/filter-blur": {
      "version": "6.1.3",
      "resolved": "https://registry.npmjs.org/@pixi/filter-blur/-/filter-blur-6.1.3.tgz",
      "integrity": "sha512-uo8FHpV+qm4SuXcDnWqZWrznHmLJ3b8ibgLAgi/e8VmwrFiC+EqGa4n4V8J+xtR5P/iA3lT5pRgWw09/xHN3dQ=="
    },
    "@pixi/filter-color-matrix": {
      "version": "6.1.3",
      "resolved": "https://registry.npmjs.org/@pixi/filter-color-matrix/-/filter-color-matrix-6.1.3.tgz",
      "integrity": "sha512-d1pyxmVrGDOrO5pINe+fTspj1NNxiIp2IZ+FGgT7e17xnxjXTvtk4n4KqXAZFS1NCoStImDAV5j+b8Lysdg5jQ=="
    },
    "@pixi/filter-displacement": {
      "version": "6.1.3",
      "resolved": "https://registry.npmjs.org/@pixi/filter-displacement/-/filter-displacement-6.1.3.tgz",
      "integrity": "sha512-tIXK8vXzb2unMxGmu4gjdlOwddnkHA0IJXFTOF25a5h36v/AHqWwWG4h5G775oPu37UuhuYjeD/j229t0Q9QNQ=="
    },
    "@pixi/filter-fxaa": {
      "version": "6.1.3",
      "resolved": "https://registry.npmjs.org/@pixi/filter-fxaa/-/filter-fxaa-6.1.3.tgz",
      "integrity": "sha512-yhKVxX5vFKQz3lxfqAGg4XoajFyIRR8XzWqEHgAsPMFRnIIQIbF25bMRygZj12P61z3vxwqAM/2bn7S46Ii1zQ=="
    },
    "@pixi/filter-noise": {
      "version": "6.1.3",
      "resolved": "https://registry.npmjs.org/@pixi/filter-noise/-/filter-noise-6.1.3.tgz",
      "integrity": "sha512-oVRtcJwbN6VnAnvXZuLEZ0c12JUzporao5AziXgRAUjTMA3bFVE0/7Dx193Kx/l6UAasmzhWQctuv6NMxy5Efw=="
    },
    "@pixi/graphics": {
      "version": "6.1.3",
      "resolved": "https://registry.npmjs.org/@pixi/graphics/-/graphics-6.1.3.tgz",
      "integrity": "sha512-e5O47yECRp5WXWIvKhLDQKpiak7CfIqJzuTuQIyE7jXp8QiJNw+aoWNlJEd4ksKbsDkP3EE39CxlmiaBpxNL3w=="
    },
    "@pixi/interaction": {
      "version": "6.1.3",
      "resolved": "https://registry.npmjs.org/@pixi/interaction/-/interaction-6.1.3.tgz",
      "integrity": "sha512-ju3fE/KnO6KZChnZzZAdY6bfjlSh7/igZcVcd/MZRkAdNozx4QoN5sYmwrcvTvA5llMYaThSIRWgIHQiSlbOfQ=="
    },
    "@pixi/loaders": {
      "version": "6.1.3",
      "resolved": "https://registry.npmjs.org/@pixi/loaders/-/loaders-6.1.3.tgz",
      "integrity": "sha512-qOvy72bsVGzCmWyoofm6dm1l//hd+bJneidngplwsovpqnnyMfuewCpQjeLRL6rLqcHR40V1+Qo4iJ+ElMdVZQ=="
    },
    "@pixi/math": {
      "version": "6.1.3",
      "resolved": "https://registry.npmjs.org/@pixi/math/-/math-6.1.3.tgz",
      "integrity": "sha512-1bLZeHpG38Bz6TESwxayNbL7tztOd7gpZDXS5OiBB9n8SFZeKlWfRQ/aJrvjoBz2qsZf9gGeVKsHpC/FJz0qnA=="
    },
    "@pixi/mesh": {
      "version": "6.1.3",
      "resolved": "https://registry.npmjs.org/@pixi/mesh/-/mesh-6.1.3.tgz",
      "integrity": "sha512-TF9eKNQdowozVOr4G05+Auku2EK8XwDXKYVvMYvt6Tsn2DLSrRhWl7xYyj4EuTjW/4eaP/c2QqY18cEMoMtJiQ=="
    },
    "@pixi/mesh-extras": {
      "version": "6.1.3",
      "resolved": "https://registry.npmjs.org/@pixi/mesh-extras/-/mesh-extras-6.1.3.tgz",
      "integrity": "sha512-HuTV8SkTQZDU1bmHmJWRo+4Hiz89oCuOonE3ckfqsoAoULfImgU72qqNIq7Vxmnu3kXoXAwV+fvOl49OzWl4+w=="
    },
    "@pixi/mixin-cache-as-bitmap": {
      "version": "6.1.3",
      "resolved": "https://registry.npmjs.org/@pixi/mixin-cache-as-bitmap/-/mixin-cache-as-bitmap-6.1.3.tgz",
      "integrity": "sha512-mEa0kn3Mou3KhbAUpaGnvmPz/ifI/41af1N6kVcTz1V8cu4BI/f74xLv5pKkQtp+xzWlquGo/2z9urkrRFD6qA=="
    },
    "@pixi/mixin-get-child-by-name": {
      "version": "6.1.3",
      "resolved": "https://registry.npmjs.org/@pixi/mixin-get-child-by-name/-/mixin-get-child-by-name-6.1.3.tgz",
      "integrity": "sha512-HHrnA1MtsMSyW0lOnBlklHp7j3JGYHIyick4b8F8p8eKqOFiAVdLzf4tmX/fKF4zs6i7DuYKE8G9Z7vpAhyrFg=="
    },
    "@pixi/mixin-get-global-position": {
      "version": "6.1.3",
      "resolved": "https://registry.npmjs.org/@pixi/mixin-get-global-position/-/mixin-get-global-position-6.1.3.tgz",
      "integrity": "sha512-XqhEyViMlGOS+p2LKW2tFjQy4ghbARKriwgY10MGvNApHHZbUDL3VKM1EmR6F2Xj8PPmycWRw/0oBu148O2KhQ=="
    },
    "@pixi/particle-container": {
      "version": "6.1.3",
      "resolved": "https://registry.npmjs.org/@pixi/particle-container/-/particle-container-6.1.3.tgz",
      "integrity": "sha512-pZqRRL5Yx2Yy30cdjsNEXRpTfl1WEf640ZLVHX2+fcKcWftPJaIXQZR+0aLvijyWF3VA4O/r/8IxhYgiMkqAUQ=="
    },
    "@pixi/polyfill": {
      "version": "6.1.3",
      "resolved": "https://registry.npmjs.org/@pixi/polyfill/-/polyfill-6.1.3.tgz",
      "integrity": "sha512-e+g2sHK/ORKDOrhJ86zZgdMSkQNzKdkaMw/UUFZ5wEUJgltoqF7H0zwNVPPO/1m7hfrN02PBMinYtXM+qFdY/A==",
      "requires": {
        "object-assign": "^4.1.1",
        "promise-polyfill": "^8.2.0"
      }
    },
    "@pixi/prepare": {
      "version": "6.1.3",
      "resolved": "https://registry.npmjs.org/@pixi/prepare/-/prepare-6.1.3.tgz",
      "integrity": "sha512-zjv81fPJjdQyWGCbA9Ij04GfwJUYA3j6/vFyJFaDKVMqEWzNDJwu40G00P23BXh3F5dYL638EXvyLYDQavjseg=="
    },
    "@pixi/runner": {
      "version": "6.1.3",
      "resolved": "https://registry.npmjs.org/@pixi/runner/-/runner-6.1.3.tgz",
      "integrity": "sha512-hJw7O9enlei7Cp5/j2REKuUjvyyC4BGqmVycmt01jTYyphRYMNQgyF+OjwrL7nidZMXnCVzfNKWi8e5+c4wssg=="
    },
    "@pixi/settings": {
      "version": "6.1.3",
      "resolved": "https://registry.npmjs.org/@pixi/settings/-/settings-6.1.3.tgz",
      "integrity": "sha512-laKwS4/R+bTQokKIeMeMO4orvSNTMWUpNRXJbDq7N29bCrA5pT6BW+LNZ+4gJs4TFK/s9bmP/xU5BlPVKHRoyg==",
      "requires": {
        "ismobilejs": "^1.1.0"
      }
    },
    "@pixi/sprite": {
      "version": "6.1.3",
      "resolved": "https://registry.npmjs.org/@pixi/sprite/-/sprite-6.1.3.tgz",
      "integrity": "sha512-TzvqeRV+bbxFbucR74c28wcDsCbXic+5dONM+fy31ejAIraKbigzKbgHxH6opgLEMMh5APzmJPlwntYdEUGSXQ=="
    },
    "@pixi/sprite-animated": {
      "version": "6.1.3",
      "resolved": "https://registry.npmjs.org/@pixi/sprite-animated/-/sprite-animated-6.1.3.tgz",
      "integrity": "sha512-COrFkmcMPxyv3zGRJJrNB2nOdaeDEOYTkbxUcNxMSJ7eT3O3PUX5XEvfOW7bl2zHkt8XraIQ66uwWychqGHx7Q=="
    },
    "@pixi/sprite-tiling": {
      "version": "6.1.3",
      "resolved": "https://registry.npmjs.org/@pixi/sprite-tiling/-/sprite-tiling-6.1.3.tgz",
      "integrity": "sha512-om+RrModhNFljb8C1fhpGKtgt5k5AW9gCjFfeBPN+5pVdVjtc/luyO2Cbubpeow9YQldrUZri9it63GBo07Cfw=="
    },
    "@pixi/spritesheet": {
      "version": "6.1.3",
      "resolved": "https://registry.npmjs.org/@pixi/spritesheet/-/spritesheet-6.1.3.tgz",
      "integrity": "sha512-QUqAYUzn/+0JlzrLo7ASIFzJSteGZuNMxKwyFL29JtttUIjdJlXe3+jrfUMAu6gewYd9HVYkXJ0ODhH8PH6KpA=="
    },
    "@pixi/text": {
      "version": "6.1.3",
      "resolved": "https://registry.npmjs.org/@pixi/text/-/text-6.1.3.tgz",
      "integrity": "sha512-R0D3cbwwLbQOfobja4NGhq0bF7biCfNE3PXsOmTEsWOroVJqUexIob5XZXoT9Avy3B8nlrB2Hyl5imIQx60jFw=="
    },
    "@pixi/text-bitmap": {
      "version": "6.1.3",
      "resolved": "https://registry.npmjs.org/@pixi/text-bitmap/-/text-bitmap-6.1.3.tgz",
      "integrity": "sha512-x46qOVoosl67dBrG3mgd2eQx3A9NTxWUnzgRpk5vsNfLLNRu6XlM+YoscRMuHT5sLEEBLewjcVxzAAkrSW45eQ=="
    },
    "@pixi/ticker": {
      "version": "6.1.3",
      "resolved": "https://registry.npmjs.org/@pixi/ticker/-/ticker-6.1.3.tgz",
      "integrity": "sha512-ZSuhe5HrmkDoqSIZjETUGYCQr/EbtDQGngq0LQLAgblyhAJbi4p/B3uf2XGfRNZ7Tdxdl0j81BmUqBEu2+DeoA=="
    },
    "@pixi/utils": {
      "version": "6.1.3",
      "resolved": "https://registry.npmjs.org/@pixi/utils/-/utils-6.1.3.tgz",
      "integrity": "sha512-05mm9TBbpYorYO3ALC4CVgR5K6sA/0uhnwE/Zl4ZhNJZN699LrIr0OWFQhxhySeGUPMDaizeEZpn2rhx+CYYpg==",
      "requires": {
        "@types/earcut": "^2.1.0",
        "earcut": "^2.2.2",
        "eventemitter3": "^3.1.0",
        "url": "^0.11.0"
      }
    },
    "@types/earcut": {
      "version": "2.1.1",
      "resolved": "https://registry.npmjs.org/@types/earcut/-/earcut-2.1.1.tgz",
      "integrity": "sha512-w8oigUCDjElRHRRrMvn/spybSMyX8MTkKA5Dv+tS1IE/TgmNZPqUYtvYBXGY8cieSE66gm+szeK+bnbxC2xHTQ=="
    },
    "@types/offscreencanvas": {
      "version": "2019.6.4",
      "resolved": "https://registry.npmjs.org/@types/offscreencanvas/-/offscreencanvas-2019.6.4.tgz",
      "integrity": "sha512-u8SAgdZ8ROtkTF+mfZGOscl0or6BSj9A4g37e6nvxDc+YB/oDut0wHkK2PBBiC2bNR8TS0CPV+1gAk4fNisr1Q==",
      "dev": true
    },
    "accepts": {
      "version": "1.3.7",
      "resolved": "https://registry.npmjs.org/accepts/-/accepts-1.3.7.tgz",
      "integrity": "sha512-Il80Qs2WjYlJIBNzNkK6KYqlVMTbZLXgHx2oT0pU/fjRHyEp+PEfEPY0R3WCwAGVOtauxh1hOxNgIf5bv7dQpA==",
      "dev": true,
      "requires": {
        "mime-types": "~2.1.24",
        "negotiator": "0.6.2"
      }
    },
    "array-flatten": {
      "version": "1.1.1",
      "resolved": "https://registry.npmjs.org/array-flatten/-/array-flatten-1.1.1.tgz",
      "integrity": "sha1-ml9pkFGx5wczKPKgCJaLZOopVdI=",
      "dev": true
    },
    "body-parser": {
      "version": "1.19.0",
      "resolved": "https://registry.npmjs.org/body-parser/-/body-parser-1.19.0.tgz",
      "integrity": "sha512-dhEPs72UPbDnAQJ9ZKMNTP6ptJaionhP5cBb541nXPlW60Jepo9RV/a4fX4XWW9CuFNK22krhrj1+rgzifNCsw==",
      "dev": true,
      "requires": {
        "bytes": "3.1.0",
        "content-type": "~1.0.4",
        "debug": "2.6.9",
        "depd": "~1.1.2",
        "http-errors": "1.7.2",
        "iconv-lite": "0.4.24",
        "on-finished": "~2.3.0",
        "qs": "6.7.0",
        "raw-body": "2.4.0",
        "type-is": "~1.6.17"
      }
    },
    "bytes": {
      "version": "3.1.0",
      "resolved": "https://registry.npmjs.org/bytes/-/bytes-3.1.0.tgz",
      "integrity": "sha512-zauLjrfCG+xvoyaqLoV8bLVXXNGC4JqlxFCutSDWA6fJrTo2ZuvLYTqZ7aHBLZSMOopbzwv8f+wZcVzfVTI2Dg==",
      "dev": true
    },
    "content-disposition": {
      "version": "0.5.3",
      "resolved": "https://registry.npmjs.org/content-disposition/-/content-disposition-0.5.3.tgz",
      "integrity": "sha512-ExO0774ikEObIAEV9kDo50o+79VCUdEB6n6lzKgGwupcVeRlhrj3qGAfwq8G6uBJjkqLrhT0qEYFcWng8z1z0g==",
      "dev": true,
      "requires": {
        "safe-buffer": "5.1.2"
      }
    },
    "content-type": {
      "version": "1.0.4",
      "resolved": "https://registry.npmjs.org/content-type/-/content-type-1.0.4.tgz",
      "integrity": "sha512-hIP3EEPs8tB9AT1L+NUqtwOAps4mk2Zob89MWXMHjHWg9milF/j4osnnQLXBCBFBk/tvIG/tUc9mOUJiPBhPXA==",
      "dev": true
    },
    "cookie": {
      "version": "0.4.0",
      "resolved": "https://registry.npmjs.org/cookie/-/cookie-0.4.0.tgz",
      "integrity": "sha512-+Hp8fLp57wnUSt0tY0tHEXh4voZRDnoIrZPqlo3DPiI4y9lwg/jqx+1Om94/W6ZaPDOUbnjOt/99w66zk+l1Xg==",
      "dev": true
    },
    "cookie-signature": {
      "version": "1.0.6",
      "resolved": "https://registry.npmjs.org/cookie-signature/-/cookie-signature-1.0.6.tgz",
      "integrity": "sha1-4wOogrNCzD7oylE6eZmXNNqzriw=",
      "dev": true
    },
    "debug": {
      "version": "2.6.9",
      "resolved": "https://registry.npmjs.org/debug/-/debug-2.6.9.tgz",
      "integrity": "sha512-bC7ElrdJaJnPbAP+1EotYvqZsb3ecl5wi6Bfi6BJTUcNowp6cvspg0jXznRTKDjm/E7AdgFBVeAPVMNcKGsHMA==",
      "dev": true,
      "requires": {
        "ms": "2.0.0"
      }
    },
    "depd": {
      "version": "1.1.2",
      "resolved": "https://registry.npmjs.org/depd/-/depd-1.1.2.tgz",
      "integrity": "sha1-m81S4UwJd2PnSbJ0xDRu0uVgtak=",
      "dev": true
    },
    "destroy": {
      "version": "1.0.4",
      "resolved": "https://registry.npmjs.org/destroy/-/destroy-1.0.4.tgz",
      "integrity": "sha1-l4hXRCxEdJ5CBmE+N5RiBYJqvYA=",
      "dev": true
    },
    "earcut": {
      "version": "2.2.3",
      "resolved": "https://registry.npmjs.org/earcut/-/earcut-2.2.3.tgz",
      "integrity": "sha512-iRDI1QeCQIhMCZk48DRDMVgQSSBDmbzzNhnxIo+pwx3swkfjMh6vh0nWLq1NdvGHLKH6wIrAM3vQWeTj6qeoug=="
    },
    "ee-first": {
      "version": "1.1.1",
      "resolved": "https://registry.npmjs.org/ee-first/-/ee-first-1.1.1.tgz",
      "integrity": "sha1-WQxhFWsK4vTwJVcyoViyZrxWsh0=",
      "dev": true
    },
    "encodeurl": {
      "version": "1.0.2",
      "resolved": "https://registry.npmjs.org/encodeurl/-/encodeurl-1.0.2.tgz",
      "integrity": "sha1-rT/0yG7C0CkyL1oCw6mmBslbP1k=",
      "dev": true
    },
    "esbuild": {
      "version": "0.13.10",
      "resolved": "https://registry.npmjs.org/esbuild/-/esbuild-0.13.10.tgz",
      "integrity": "sha512-0NfCsnAh5XatHIx6Cu93wpR2v6opPoOMxONYhaAoZKzGYqAE+INcDeX2wqMdcndvPQdWCuuCmvlnsh0zmbHcSQ==",
      "dev": true,
      "requires": {
        "esbuild-android-arm64": "0.13.10",
        "esbuild-darwin-64": "0.13.10",
        "esbuild-darwin-arm64": "0.13.10",
        "esbuild-freebsd-64": "0.13.10",
        "esbuild-freebsd-arm64": "0.13.10",
        "esbuild-linux-32": "0.13.10",
        "esbuild-linux-64": "0.13.10",
        "esbuild-linux-arm": "0.13.10",
        "esbuild-linux-arm64": "0.13.10",
        "esbuild-linux-mips64le": "0.13.10",
        "esbuild-linux-ppc64le": "0.13.10",
        "esbuild-netbsd-64": "0.13.10",
        "esbuild-openbsd-64": "0.13.10",
        "esbuild-sunos-64": "0.13.10",
        "esbuild-windows-32": "0.13.10",
        "esbuild-windows-64": "0.13.10",
        "esbuild-windows-arm64": "0.13.10"
      }
    },
    "esbuild-android-arm64": {
      "version": "0.13.10",
      "resolved": "https://registry.npmjs.org/esbuild-android-arm64/-/esbuild-android-arm64-0.13.10.tgz",
      "integrity": "sha512-1sCdVAq64yMp2Uhlu+97/enFxpmrj31QHtThz7K+/QGjbHa7JZdBdBsZCzWJuntKHZ+EU178tHYkvjaI9z5sGg==",
      "dev": true,
      "optional": true
    },
    "esbuild-darwin-64": {
      "version": "0.13.10",
      "resolved": "https://registry.npmjs.org/esbuild-darwin-64/-/esbuild-darwin-64-0.13.10.tgz",
      "integrity": "sha512-XlL+BYZ2h9cz3opHfFgSHGA+iy/mljBFIRU9q++f9SiBXEZTb4gTW/IENAD1l9oKH0FdO9rUpyAfV+lM4uAxrg==",
      "dev": true,
      "optional": true
    },
    "esbuild-darwin-arm64": {
      "version": "0.13.10",
      "resolved": "https://registry.npmjs.org/esbuild-darwin-arm64/-/esbuild-darwin-arm64-0.13.10.tgz",
      "integrity": "sha512-RZMMqMTyActMrXKkW71IQO8B0tyQm0Bm+ZJQWNaHJchL5LlqazJi7rriwSocP+sKLszHhsyTEBBh6qPdw5g5yQ==",
      "dev": true,
      "optional": true
    },
    "esbuild-freebsd-64": {
      "version": "0.13.10",
      "resolved": "https://registry.npmjs.org/esbuild-freebsd-64/-/esbuild-freebsd-64-0.13.10.tgz",
      "integrity": "sha512-pf4BEN9reF3jvZEZdxljVgOv5JS4kuYFCI78xk+2HWustbLvTP0b9XXfWI/OD0ZLWbyLYZYIA+VbVe4tdAklig==",
      "dev": true,
      "optional": true
    },
    "esbuild-freebsd-arm64": {
      "version": "0.13.10",
      "resolved": "https://registry.npmjs.org/esbuild-freebsd-arm64/-/esbuild-freebsd-arm64-0.13.10.tgz",
      "integrity": "sha512-j9PUcuNWmlxr4/ry4dK/s6zKh42Jhh/N5qnAAj7tx3gMbkIHW0JBoVSbbgp97p88X9xgKbXx4lG2sJDhDWmsYQ==",
      "dev": true,
      "optional": true
    },
    "esbuild-linux-32": {
      "version": "0.13.10",
      "resolved": "https://registry.npmjs.org/esbuild-linux-32/-/esbuild-linux-32-0.13.10.tgz",
      "integrity": "sha512-imtdHG5ru0xUUXuc2ofdtyw0fWlHYXV7JjF7oZHgmn0b+B4o4Nr6ZON3xxoo1IP8wIekW+7b9exIf/MYq0QV7w==",
      "dev": true,
      "optional": true
    },
    "esbuild-linux-64": {
      "version": "0.13.10",
      "resolved": "https://registry.npmjs.org/esbuild-linux-64/-/esbuild-linux-64-0.13.10.tgz",
      "integrity": "sha512-O7fzQIH2e7GC98dvoTH0rad5BVLm9yU3cRWfEmryCEIFTwbNEWCEWOfsePuoGOHRtSwoVY1hPc21CJE4/9rWxQ==",
      "dev": true,
      "optional": true
    },
    "esbuild-linux-arm": {
      "version": "0.13.10",
      "resolved": "https://registry.npmjs.org/esbuild-linux-arm/-/esbuild-linux-arm-0.13.10.tgz",
      "integrity": "sha512-R2Jij4A0K8BcmBehvQeUteQEcf24Y2YZ6mizlNFuJOBPxe3vZNmkZ4mCE7Pf1tbcqA65qZx8J3WSHeGJl9EsJA==",
      "dev": true,
      "optional": true
    },
    "esbuild-linux-arm64": {
      "version": "0.13.10",
      "resolved": "https://registry.npmjs.org/esbuild-linux-arm64/-/esbuild-linux-arm64-0.13.10.tgz",
      "integrity": "sha512-bkGxN67S2n0PF4zhh87/92kBTsH2xXLuH6T5omReKhpXdJZF5SVDSk5XU/nngARzE+e6QK6isK060Dr5uobzNw==",
      "dev": true,
      "optional": true
    },
    "esbuild-linux-mips64le": {
      "version": "0.13.10",
      "resolved": "https://registry.npmjs.org/esbuild-linux-mips64le/-/esbuild-linux-mips64le-0.13.10.tgz",
      "integrity": "sha512-UDNO5snJYOLWrA2uOUxM/PVbzzh2TR7Zf2i8zCCuFlYgvAb/81XO+Tasp3YAElDpp4VGqqcpBXLtofa9nrnJGA==",
      "dev": true,
      "optional": true
    },
    "esbuild-linux-ppc64le": {
      "version": "0.13.10",
      "resolved": "https://registry.npmjs.org/esbuild-linux-ppc64le/-/esbuild-linux-ppc64le-0.13.10.tgz",
      "integrity": "sha512-xu6J9rMWu1TcEGuEmoc8gsTrJCEPsf+QtxK4IiUZNde9r4Q4nlRVah4JVZP3hJapZgZJcxsse0XiKXh1UFdOeA==",
      "dev": true,
      "optional": true
    },
    "esbuild-netbsd-64": {
      "version": "0.13.10",
      "resolved": "https://registry.npmjs.org/esbuild-netbsd-64/-/esbuild-netbsd-64-0.13.10.tgz",
      "integrity": "sha512-d+Gr0ScMC2J83Bfx/ZvJHK0UAEMncctwgjRth9d4zppYGLk/xMfFKxv5z1ib8yZpQThafq8aPm8AqmFIJrEesw==",
      "dev": true,
      "optional": true
    },
    "esbuild-openbsd-64": {
      "version": "0.13.10",
      "resolved": "https://registry.npmjs.org/esbuild-openbsd-64/-/esbuild-openbsd-64-0.13.10.tgz",
      "integrity": "sha512-OuCYc+bNKumBvxflga+nFzZvxsgmWQW+z4rMGIjM5XIW0nNbGgRc5p/0PSDv0rTdxAmwCpV69fezal0xjrDaaA==",
      "dev": true,
      "optional": true
    },
    "esbuild-sunos-64": {
      "version": "0.13.10",
      "resolved": "https://registry.npmjs.org/esbuild-sunos-64/-/esbuild-sunos-64-0.13.10.tgz",
      "integrity": "sha512-gUkgivZK11bD56wDoLsnYrsOHD/zHzzLSdqKcIl3wRMulfHpRBpoX8gL0dbWr+8N9c+1HDdbNdvxSRmZ4RCVwg==",
      "dev": true,
      "optional": true
    },
    "esbuild-windows-32": {
      "version": "0.13.10",
      "resolved": "https://registry.npmjs.org/esbuild-windows-32/-/esbuild-windows-32-0.13.10.tgz",
      "integrity": "sha512-C1xJ54E56dGWRaYcTnRy7amVZ9n1/D/D2/qVw7e5EtS7p+Fv/yZxxgqyb1hMGKXgtFYX4jMpU5eWBF/AsYrn+A==",
      "dev": true,
      "optional": true
    },
    "esbuild-windows-64": {
      "version": "0.13.10",
      "resolved": "https://registry.npmjs.org/esbuild-windows-64/-/esbuild-windows-64-0.13.10.tgz",
      "integrity": "sha512-6+EXEXopEs3SvPFAHcps2Krp/FvqXXsOQV33cInmyilb0ZBEQew4MIoZtMIyB3YXoV6//dl3i6YbPrFZaWEinQ==",
      "dev": true,
      "optional": true
    },
    "esbuild-windows-arm64": {
      "version": "0.13.10",
      "resolved": "https://registry.npmjs.org/esbuild-windows-arm64/-/esbuild-windows-arm64-0.13.10.tgz",
      "integrity": "sha512-xTqM/XKhORo6u9S5I0dNJWEdWoemFjogLUTVLkQMVyUV3ZuMChahVA+bCqKHdyX55pCFxD/8v2fm3/sfFMWN+g==",
      "dev": true,
      "optional": true
    },
    "escape-html": {
      "version": "1.0.3",
      "resolved": "https://registry.npmjs.org/escape-html/-/escape-html-1.0.3.tgz",
      "integrity": "sha1-Aljq5NPQwJdN4cFpGI7wBR0dGYg=",
      "dev": true
    },
    "etag": {
      "version": "1.8.1",
      "resolved": "https://registry.npmjs.org/etag/-/etag-1.8.1.tgz",
      "integrity": "sha1-Qa4u62XvpiJorr/qg6x9eSmbCIc=",
      "dev": true
    },
    "eventemitter3": {
      "version": "3.1.2",
      "resolved": "https://registry.npmjs.org/eventemitter3/-/eventemitter3-3.1.2.tgz",
      "integrity": "sha512-tvtQIeLVHjDkJYnzf2dgVMxfuSGJeM/7UCG17TT4EumTfNtF+0nebF/4zWOIkCreAbtNqhGEboB6BWrwqNaw4Q=="
    },
    "express": {
      "version": "4.17.1",
      "resolved": "https://registry.npmjs.org/express/-/express-4.17.1.tgz",
      "integrity": "sha512-mHJ9O79RqluphRrcw2X/GTh3k9tVv8YcoyY4Kkh4WDMUYKRZUq0h1o0w2rrrxBqM7VoeUVqgb27xlEMXTnYt4g==",
      "dev": true,
      "requires": {
        "accepts": "~1.3.7",
        "array-flatten": "1.1.1",
        "body-parser": "1.19.0",
        "content-disposition": "0.5.3",
        "content-type": "~1.0.4",
        "cookie": "0.4.0",
        "cookie-signature": "1.0.6",
        "debug": "2.6.9",
        "depd": "~1.1.2",
        "encodeurl": "~1.0.2",
        "escape-html": "~1.0.3",
        "etag": "~1.8.1",
        "finalhandler": "~1.1.2",
        "fresh": "0.5.2",
        "merge-descriptors": "1.0.1",
        "methods": "~1.1.2",
        "on-finished": "~2.3.0",
        "parseurl": "~1.3.3",
        "path-to-regexp": "0.1.7",
        "proxy-addr": "~2.0.5",
        "qs": "6.7.0",
        "range-parser": "~1.2.1",
        "safe-buffer": "5.1.2",
        "send": "0.17.1",
        "serve-static": "1.14.1",
        "setprototypeof": "1.1.1",
        "statuses": "~1.5.0",
        "type-is": "~1.6.18",
        "utils-merge": "1.0.1",
        "vary": "~1.1.2"
      }
    },
    "finalhandler": {
      "version": "1.1.2",
      "resolved": "https://registry.npmjs.org/finalhandler/-/finalhandler-1.1.2.tgz",
      "integrity": "sha512-aAWcW57uxVNrQZqFXjITpW3sIUQmHGG3qSb9mUah9MgMC4NeWhNOlNjXEYq3HjRAvL6arUviZGGJsBg6z0zsWA==",
      "dev": true,
      "requires": {
        "debug": "2.6.9",
        "encodeurl": "~1.0.2",
        "escape-html": "~1.0.3",
        "on-finished": "~2.3.0",
        "parseurl": "~1.3.3",
        "statuses": "~1.5.0",
        "unpipe": "~1.0.0"
      }
    },
    "forwarded": {
      "version": "0.2.0",
      "resolved": "https://registry.npmjs.org/forwarded/-/forwarded-0.2.0.tgz",
      "integrity": "sha512-buRG0fpBtRHSTCOASe6hD258tEubFoRLb4ZNA6NxMVHNw2gOcwHo9wyablzMzOA5z9xA9L1KNjk/Nt6MT9aYow==",
      "dev": true
    },
    "fresh": {
      "version": "0.5.2",
      "resolved": "https://registry.npmjs.org/fresh/-/fresh-0.5.2.tgz",
      "integrity": "sha1-PYyt2Q2XZWn6g1qx+OSyOhBWBac=",
      "dev": true
    },
    "fsevents": {
      "version": "2.3.2",
      "resolved": "https://registry.npmjs.org/fsevents/-/fsevents-2.3.2.tgz",
      "integrity": "sha512-xiqMQR4xAeHTuB9uWm+fFRcIOgKBMiOBP+eXiyT7jsgVCq1bkVygt00oASowB7EdtpOHaaPgKt812P9ab+DDKA==",
      "dev": true,
      "optional": true
    },
    "function-bind": {
      "version": "1.1.1",
      "resolved": "https://registry.npmjs.org/function-bind/-/function-bind-1.1.1.tgz",
      "integrity": "sha512-yIovAzMX49sF8Yl58fSCWJ5svSLuaibPxXQJFLmBObTuCr0Mf1KiPopGM9NiFjiYBCbfaa2Fh6breQ6ANVTI0A==",
      "dev": true
    },
    "has": {
      "version": "1.0.3",
      "resolved": "https://registry.npmjs.org/has/-/has-1.0.3.tgz",
      "integrity": "sha512-f2dvO0VU6Oej7RkWJGrehjbzMAjFp5/VKPp5tTpWIV4JHHZK1/BxbFRtf/siA2SWTe09caDmVtYYzWEIbBS4zw==",
      "dev": true,
      "requires": {
        "function-bind": "^1.1.1"
      }
    },
    "http-errors": {
      "version": "1.7.2",
      "resolved": "https://registry.npmjs.org/http-errors/-/http-errors-1.7.2.tgz",
      "integrity": "sha512-uUQBt3H/cSIVfch6i1EuPNy/YsRSOUBXTVfZ+yR7Zjez3qjBz6i9+i4zjNaoqcoFVI4lQJ5plg63TvGfRSDCRg==",
      "dev": true,
      "requires": {
        "depd": "~1.1.2",
        "inherits": "2.0.3",
        "setprototypeof": "1.1.1",
        "statuses": ">= 1.5.0 < 2",
        "toidentifier": "1.0.0"
      }
    },
    "iconv-lite": {
      "version": "0.4.24",
      "resolved": "https://registry.npmjs.org/iconv-lite/-/iconv-lite-0.4.24.tgz",
      "integrity": "sha512-v3MXnZAcvnywkTUEZomIActle7RXXeedOR31wwl7VlyoXO4Qi9arvSenNQWne1TcRwhCL1HwLI21bEqdpj8/rA==",
      "dev": true,
      "requires": {
        "safer-buffer": ">= 2.1.2 < 3"
      }
    },
    "inherits": {
      "version": "2.0.3",
      "resolved": "https://registry.npmjs.org/inherits/-/inherits-2.0.3.tgz",
      "integrity": "sha1-Yzwsg+PaQqUC9SRmAiSA9CCCYd4=",
      "dev": true
    },
    "ipaddr.js": {
      "version": "1.9.1",
      "resolved": "https://registry.npmjs.org/ipaddr.js/-/ipaddr.js-1.9.1.tgz",
      "integrity": "sha512-0KI/607xoxSToH7GjN1FfSbLoU0+btTicjsQSWQlh/hZykN8KpmMf7uYwPW3R+akZ6R/w18ZlXSHBYXiYUPO3g==",
      "dev": true
    },
    "is-core-module": {
      "version": "2.8.0",
      "resolved": "https://registry.npmjs.org/is-core-module/-/is-core-module-2.8.0.tgz",
      "integrity": "sha512-vd15qHsaqrRL7dtH6QNuy0ndJmRDrS9HAM1CAiSifNUFv4x1a0CCVsj18hJ1mShxIG6T2i1sO78MkP56r0nYRw==",
      "dev": true,
      "requires": {
        "has": "^1.0.3"
      }
    },
    "ismobilejs": {
      "version": "1.1.1",
      "resolved": "https://registry.npmjs.org/ismobilejs/-/ismobilejs-1.1.1.tgz",
      "integrity": "sha512-VaFW53yt8QO61k2WJui0dHf4SlL8lxBofUuUmwBo0ljPk0Drz2TiuDW4jo3wDcv41qy/SxrJ+VAzJ/qYqsmzRw=="
    },
    "media-typer": {
      "version": "0.3.0",
      "resolved": "https://registry.npmjs.org/media-typer/-/media-typer-0.3.0.tgz",
      "integrity": "sha1-hxDXrwqmJvj/+hzgAWhUUmMlV0g=",
      "dev": true
    },
    "merge-descriptors": {
      "version": "1.0.1",
      "resolved": "https://registry.npmjs.org/merge-descriptors/-/merge-descriptors-1.0.1.tgz",
      "integrity": "sha1-sAqqVW3YtEVoFQ7J0blT8/kMu2E=",
      "dev": true
    },
    "methods": {
      "version": "1.1.2",
      "resolved": "https://registry.npmjs.org/methods/-/methods-1.1.2.tgz",
      "integrity": "sha1-VSmk1nZUE07cxSZmVoNbD4Ua/O4=",
      "dev": true
    },
    "mime": {
      "version": "1.6.0",
      "resolved": "https://registry.npmjs.org/mime/-/mime-1.6.0.tgz",
      "integrity": "sha512-x0Vn8spI+wuJ1O6S7gnbaQg8Pxh4NNHb7KSINmEWKiPE4RKOplvijn+NkmYmmRgP68mc70j2EbeTFRsrswaQeg==",
      "dev": true
    },
    "mime-db": {
      "version": "1.51.0",
      "resolved": "https://registry.npmjs.org/mime-db/-/mime-db-1.51.0.tgz",
      "integrity": "sha512-5y8A56jg7XVQx2mbv1lu49NR4dokRnhZYTtL+KGfaa27uq4pSTXkwQkFJl4pkRMyNFz/EtYDSkiiEHx3F7UN6g==",
      "dev": true
    },
    "mime-types": {
      "version": "2.1.34",
      "resolved": "https://registry.npmjs.org/mime-types/-/mime-types-2.1.34.tgz",
      "integrity": "sha512-6cP692WwGIs9XXdOO4++N+7qjqv0rqxxVvJ3VHPh/Sc9mVZcQP+ZGhkKiTvWMQRr2tbHkJP/Yn7Y0npb3ZBs4A==",
      "dev": true,
      "requires": {
        "mime-db": "1.51.0"
      }
    },
    "ms": {
      "version": "2.0.0",
      "resolved": "https://registry.npmjs.org/ms/-/ms-2.0.0.tgz",
      "integrity": "sha1-VgiurfwAvmwpAd9fmGF4jeDVl8g=",
      "dev": true
    },
    "nanoid": {
      "version": "3.1.30",
      "resolved": "https://registry.npmjs.org/nanoid/-/nanoid-3.1.30.tgz",
      "integrity": "sha512-zJpuPDwOv8D2zq2WRoMe1HsfZthVewpel9CAvTfc/2mBD1uUT/agc5f7GHGWXlYkFvi1mVxe4IjvP2HNrop7nQ==",
      "dev": true
    },
    "negotiator": {
      "version": "0.6.2",
      "resolved": "https://registry.npmjs.org/negotiator/-/negotiator-0.6.2.tgz",
      "integrity": "sha512-hZXc7K2e+PgeI1eDBe/10Ard4ekbfrrqG8Ep+8Jmf4JID2bNg7NvCPOZN+kfF574pFQI7mum2AUqDidoKqcTOw==",
      "dev": true
    },
    "object-assign": {
      "version": "4.1.1",
      "resolved": "https://registry.npmjs.org/object-assign/-/object-assign-4.1.1.tgz",
      "integrity": "sha1-IQmtx5ZYh8/AXLvUQsrIv7s2CGM="
    },
    "on-finished": {
      "version": "2.3.0",
      "resolved": "https://registry.npmjs.org/on-finished/-/on-finished-2.3.0.tgz",
      "integrity": "sha1-IPEzZIGwg811M3mSoWlxqi2QaUc=",
      "dev": true,
      "requires": {
        "ee-first": "1.1.1"
      }
    },
    "parseurl": {
      "version": "1.3.3",
      "resolved": "https://registry.npmjs.org/parseurl/-/parseurl-1.3.3.tgz",
      "integrity": "sha512-CiyeOxFT/JZyN5m0z9PfXw4SCBJ6Sygz1Dpl0wqjlhDEGGBP1GnsUVEL0p63hoG1fcj3fHynXi9NYO4nWOL+qQ==",
      "dev": true
    },
    "path-parse": {
      "version": "1.0.7",
      "resolved": "https://registry.npmjs.org/path-parse/-/path-parse-1.0.7.tgz",
      "integrity": "sha512-LDJzPVEEEPR+y48z93A0Ed0yXb8pAByGWo/k5YYdYgpY2/2EsOsksJrq7lOHxryrVOn1ejG6oAp8ahvOIQD8sw==",
      "dev": true
    },
    "path-to-regexp": {
      "version": "0.1.7",
      "resolved": "https://registry.npmjs.org/path-to-regexp/-/path-to-regexp-0.1.7.tgz",
      "integrity": "sha1-32BBeABfUi8V60SQ5yR6G/qmf4w=",
      "dev": true
    },
    "picocolors": {
      "version": "1.0.0",
      "resolved": "https://registry.npmjs.org/picocolors/-/picocolors-1.0.0.tgz",
      "integrity": "sha512-1fygroTLlHu66zi26VoTDv8yRgm0Fccecssto+MhsZ0D/DGW2sm8E8AjW7NU5VVTRt5GxbeZ5qBuJr+HyLYkjQ==",
      "dev": true
    },
    "pixi.js": {
      "version": "6.1.3",
      "resolved": "https://registry.npmjs.org/pixi.js/-/pixi.js-6.1.3.tgz",
      "integrity": "sha512-h8Y/YVgP4CSPoUQvXaQvQf5GyQxi0b1NtVD38bZQsrX4CQ3r85jBU+zPyHN0fAcvhCB+nNvdD2sEwhhqkNsuSw==",
      "requires": {
        "@pixi/accessibility": "6.1.3",
        "@pixi/app": "6.1.3",
        "@pixi/compressed-textures": "6.1.3",
        "@pixi/constants": "6.1.3",
        "@pixi/core": "6.1.3",
        "@pixi/display": "6.1.3",
        "@pixi/extract": "6.1.3",
        "@pixi/filter-alpha": "6.1.3",
        "@pixi/filter-blur": "6.1.3",
        "@pixi/filter-color-matrix": "6.1.3",
        "@pixi/filter-displacement": "6.1.3",
        "@pixi/filter-fxaa": "6.1.3",
        "@pixi/filter-noise": "6.1.3",
        "@pixi/graphics": "6.1.3",
        "@pixi/interaction": "6.1.3",
        "@pixi/loaders": "6.1.3",
        "@pixi/math": "6.1.3",
        "@pixi/mesh": "6.1.3",
        "@pixi/mesh-extras": "6.1.3",
        "@pixi/mixin-cache-as-bitmap": "6.1.3",
        "@pixi/mixin-get-child-by-name": "6.1.3",
        "@pixi/mixin-get-global-position": "6.1.3",
        "@pixi/particle-container": "6.1.3",
        "@pixi/polyfill": "6.1.3",
        "@pixi/prepare": "6.1.3",
        "@pixi/runner": "6.1.3",
        "@pixi/settings": "6.1.3",
        "@pixi/sprite": "6.1.3",
        "@pixi/sprite-animated": "6.1.3",
        "@pixi/sprite-tiling": "6.1.3",
        "@pixi/spritesheet": "6.1.3",
        "@pixi/text": "6.1.3",
        "@pixi/text-bitmap": "6.1.3",
        "@pixi/ticker": "6.1.3",
        "@pixi/utils": "6.1.3"
      }
    },
    "postcss": {
      "version": "8.3.11",
      "resolved": "https://registry.npmjs.org/postcss/-/postcss-8.3.11.tgz",
      "integrity": "sha512-hCmlUAIlUiav8Xdqw3Io4LcpA1DOt7h3LSTAC4G6JGHFFaWzI6qvFt9oilvl8BmkbBRX1IhM90ZAmpk68zccQA==",
      "dev": true,
      "requires": {
        "nanoid": "^3.1.30",
        "picocolors": "^1.0.0",
        "source-map-js": "^0.6.2"
      }
    },
    "promise-polyfill": {
      "version": "8.2.1",
      "resolved": "https://registry.npmjs.org/promise-polyfill/-/promise-polyfill-8.2.1.tgz",
      "integrity": "sha512-3p9zj0cEHbp7NVUxEYUWjQlffXqnXaZIMPkAO7HhFh8u5636xLRDHOUo2vpWSK0T2mqm6fKLXYn1KP6PAZ2gKg=="
    },
    "proxy-addr": {
      "version": "2.0.7",
      "resolved": "https://registry.npmjs.org/proxy-addr/-/proxy-addr-2.0.7.tgz",
      "integrity": "sha512-llQsMLSUDUPT44jdrU/O37qlnifitDP+ZwrmmZcoSKyLKvtZxpyV0n2/bD/N4tBAAZ/gJEdZU7KMraoK1+XYAg==",
      "dev": true,
      "requires": {
        "forwarded": "0.2.0",
        "ipaddr.js": "1.9.1"
      }
    },
    "punycode": {
      "version": "1.3.2",
      "resolved": "https://registry.npmjs.org/punycode/-/punycode-1.3.2.tgz",
      "integrity": "sha1-llOgNvt8HuQjQvIyXM7v6jkmxI0="
    },
    "qs": {
      "version": "6.7.0",
      "resolved": "https://registry.npmjs.org/qs/-/qs-6.7.0.tgz",
      "integrity": "sha512-VCdBRNFTX1fyE7Nb6FYoURo/SPe62QCaAyzJvUjwRaIsc+NePBEniHlvxFmmX56+HZphIGtV0XeCirBtpDrTyQ==",
      "dev": true
    },
    "querystring": {
      "version": "0.2.0",
      "resolved": "https://registry.npmjs.org/querystring/-/querystring-0.2.0.tgz",
      "integrity": "sha1-sgmEkgO7Jd+CDadW50cAWHhSFiA="
    },
    "range-parser": {
      "version": "1.2.1",
      "resolved": "https://registry.npmjs.org/range-parser/-/range-parser-1.2.1.tgz",
      "integrity": "sha512-Hrgsx+orqoygnmhFbKaHE6c296J+HTAQXoxEF6gNupROmmGJRoyzfG3ccAveqCBrwr/2yxQ5BVd/GTl5agOwSg==",
      "dev": true
    },
    "raw-body": {
      "version": "2.4.0",
      "resolved": "https://registry.npmjs.org/raw-body/-/raw-body-2.4.0.tgz",
      "integrity": "sha512-4Oz8DUIwdvoa5qMJelxipzi/iJIi40O5cGV1wNYp5hvZP8ZN0T+jiNkL0QepXs+EsQ9XJ8ipEDoiH70ySUJP3Q==",
      "dev": true,
      "requires": {
        "bytes": "3.1.0",
        "http-errors": "1.7.2",
        "iconv-lite": "0.4.24",
        "unpipe": "1.0.0"
      }
    },
    "resolve": {
      "version": "1.20.0",
      "resolved": "https://registry.npmjs.org/resolve/-/resolve-1.20.0.tgz",
      "integrity": "sha512-wENBPt4ySzg4ybFQW2TT1zMQucPK95HSh/nq2CFTZVOGut2+pQvSsgtda4d26YrYcr067wjbmzOG8byDPBX63A==",
      "dev": true,
      "requires": {
        "is-core-module": "^2.2.0",
        "path-parse": "^1.0.6"
      }
    },
    "rollup": {
      "version": "2.58.3",
      "resolved": "https://registry.npmjs.org/rollup/-/rollup-2.58.3.tgz",
      "integrity": "sha512-ei27MSw1KhRur4p87Q0/Va2NAYqMXOX++FNEumMBcdreIRLURKy+cE2wcDJKBn0nfmhP2ZGrJkP1XPO+G8FJQw==",
      "dev": true,
      "requires": {
        "fsevents": "~2.3.2"
      }
    },
    "safe-buffer": {
      "version": "5.1.2",
      "resolved": "https://registry.npmjs.org/safe-buffer/-/safe-buffer-5.1.2.tgz",
      "integrity": "sha512-Gd2UZBJDkXlY7GbJxfsE8/nvKkUEU1G38c1siN6QP6a9PT9MmHB8GnpscSmMJSoF8LOIrt8ud/wPtojys4G6+g==",
      "dev": true
    },
    "safer-buffer": {
      "version": "2.1.2",
      "resolved": "https://registry.npmjs.org/safer-buffer/-/safer-buffer-2.1.2.tgz",
      "integrity": "sha512-YZo3K82SD7Riyi0E1EQPojLz7kpepnSQI9IyPbHHg1XXXevb5dJI7tpyN2ADxGcQbHG7vcyRHk0cbwqcQriUtg==",
      "dev": true
    },
    "send": {
      "version": "0.17.1",
      "resolved": "https://registry.npmjs.org/send/-/send-0.17.1.tgz",
      "integrity": "sha512-BsVKsiGcQMFwT8UxypobUKyv7irCNRHk1T0G680vk88yf6LBByGcZJOTJCrTP2xVN6yI+XjPJcNuE3V4fT9sAg==",
      "dev": true,
      "requires": {
        "debug": "2.6.9",
        "depd": "~1.1.2",
        "destroy": "~1.0.4",
        "encodeurl": "~1.0.2",
        "escape-html": "~1.0.3",
        "etag": "~1.8.1",
        "fresh": "0.5.2",
        "http-errors": "~1.7.2",
        "mime": "1.6.0",
        "ms": "2.1.1",
        "on-finished": "~2.3.0",
        "range-parser": "~1.2.1",
        "statuses": "~1.5.0"
      },
      "dependencies": {
        "ms": {
          "version": "2.1.1",
          "resolved": "https://registry.npmjs.org/ms/-/ms-2.1.1.tgz",
          "integrity": "sha512-tgp+dl5cGk28utYktBsrFqA7HKgrhgPsg6Z/EfhWI4gl1Hwq8B/GmY/0oXZ6nF8hDVesS/FpnYaD/kOWhYQvyg==",
          "dev": true
        }
      }
    },
    "serve-static": {
      "version": "1.14.1",
      "resolved": "https://registry.npmjs.org/serve-static/-/serve-static-1.14.1.tgz",
      "integrity": "sha512-JMrvUwE54emCYWlTI+hGrGv5I8dEwmco/00EvkzIIsR7MqrHonbD9pO2MOfFnpFntl7ecpZs+3mW+XbQZu9QCg==",
      "dev": true,
      "requires": {
        "encodeurl": "~1.0.2",
        "escape-html": "~1.0.3",
        "parseurl": "~1.3.3",
        "send": "0.17.1"
      }
    },
    "setprototypeof": {
      "version": "1.1.1",
      "resolved": "https://registry.npmjs.org/setprototypeof/-/setprototypeof-1.1.1.tgz",
      "integrity": "sha512-JvdAWfbXeIGaZ9cILp38HntZSFSo3mWg6xGcJJsd+d4aRMOqauag1C63dJfDw7OaMYwEbHMOxEZ1lqVRYP2OAw==",
      "dev": true
    },
    "source-map-js": {
      "version": "0.6.2",
      "resolved": "https://registry.npmjs.org/source-map-js/-/source-map-js-0.6.2.tgz",
      "integrity": "sha512-/3GptzWzu0+0MBQFrDKzw/DvvMTUORvgY6k6jd/VS6iCR4RDTKWH6v6WPwQoUO8667uQEf9Oe38DxAYWY5F/Ug==",
      "dev": true
    },
    "statuses": {
      "version": "1.5.0",
      "resolved": "https://registry.npmjs.org/statuses/-/statuses-1.5.0.tgz",
      "integrity": "sha1-Fhx9rBd2Wf2YEfQ3cfqZOBR4Yow=",
      "dev": true
    },
    "toidentifier": {
      "version": "1.0.0",
      "resolved": "https://registry.npmjs.org/toidentifier/-/toidentifier-1.0.0.tgz",
      "integrity": "sha512-yaOH/Pk/VEhBWWTlhI+qXxDFXlejDGcQipMlyxda9nthulaxLZUNcUqFxokp0vcYnvteJln5FNQDRrxj3YcbVw==",
      "dev": true
    },
    "type-is": {
      "version": "1.6.18",
      "resolved": "https://registry.npmjs.org/type-is/-/type-is-1.6.18.tgz",
      "integrity": "sha512-TkRKr9sUTxEH8MdfuCSP7VizJyzRNMjj2J2do2Jr3Kym598JVdEksuzPQCnlFPW4ky9Q+iA+ma9BGm06XQBy8g==",
      "dev": true,
      "requires": {
        "media-typer": "0.3.0",
        "mime-types": "~2.1.24"
      }
    },
    "typescript": {
      "version": "4.4.4",
      "resolved": "https://registry.npmjs.org/typescript/-/typescript-4.4.4.tgz",
      "integrity": "sha512-DqGhF5IKoBl8WNf8C1gu8q0xZSInh9j1kJJMqT3a94w1JzVaBU4EXOSMrz9yDqMT0xt3selp83fuFMQ0uzv6qA==",
      "dev": true
    },
    "unpipe": {
      "version": "1.0.0",
      "resolved": "https://registry.npmjs.org/unpipe/-/unpipe-1.0.0.tgz",
      "integrity": "sha1-sr9O6FFKrmFltIF4KdIbLvSZBOw=",
      "dev": true
    },
    "url": {
      "version": "0.11.0",
      "resolved": "https://registry.npmjs.org/url/-/url-0.11.0.tgz",
      "integrity": "sha1-ODjpfPxgUh63PFJajlW/3Z4uKPE=",
      "requires": {
        "punycode": "1.3.2",
        "querystring": "0.2.0"
      }
    },
    "utils-merge": {
      "version": "1.0.1",
      "resolved": "https://registry.npmjs.org/utils-merge/-/utils-merge-1.0.1.tgz",
      "integrity": "sha1-n5VxD1CiZ5R7LMwSR0HBAoQn5xM=",
      "dev": true
    },
    "vary": {
      "version": "1.1.2",
      "resolved": "https://registry.npmjs.org/vary/-/vary-1.1.2.tgz",
      "integrity": "sha1-IpnwLG3tMNSllhsLn3RSShj2NPw=",
      "dev": true
    },
    "vite": {
      "version": "2.6.13",
      "resolved": "https://registry.npmjs.org/vite/-/vite-2.6.13.tgz",
      "integrity": "sha512-+tGZ1OxozRirTudl4M3N3UTNJOlxdVo/qBl2IlDEy/ZpTFcskp+k5ncNjayR3bRYTCbqSOFz2JWGN1UmuDMScA==",
      "dev": true,
      "requires": {
        "esbuild": "^0.13.2",
        "fsevents": "~2.3.2",
        "postcss": "^8.3.8",
        "resolve": "^1.20.0",
        "rollup": "^2.57.0"
      }
    }
  }
}
